
Microsoft Visual Studio Solution File, Format Version 12.00
# Visual Studio Version 16
VisualStudioVersion = 16.0.31205.134
MinimumVisualStudioVersion = 10.0.40219.1
Project("{FAE04EC0-301F-11D3-BF4B-00C04F79EFBC}") = "DotnetPriceParser", "DotnetPriceParser\DotnetPriceParser.csproj", "{A81D4F7B-1FC7-4B84-95CA-1EAD9E66FE36}"
EndProject
Global
	GlobalSection(SolutionConfigurationPlatforms) = preSolution
		Debug|Any CPU = Debug|Any CPU
		Release|Any CPU = Release|Any CPU
	EndGlobalSection
	GlobalSection(ProjectConfigurationPlatforms) = postSolution
		{A81D4F7B-1FC7-4B84-95CA-1EAD9E66FE36}.Debug|Any CPU.ActiveCfg = Debug|Any CPU
		{A81D4F7B-1FC7-4B84-95CA-1EAD9E66FE36}.Debug|Any CPU.Build.0 = Debug|Any CPU
		{A81D4F7B-1FC7-4B84-95CA-1EAD9E66FE36}.Release|Any CPU.ActiveCfg = Release|Any CPU
		{A81D4F7B-1FC7-4B84-95CA-1EAD9E66FE36}.Release|Any CPU.Build.0 = Release|Any CPU
	EndGlobalSection
	GlobalSection(SolutionProperties) = preSolution
		HideSolutionNode = FALSE
	EndGlobalSection
	GlobalSection(ExtensibilityGlobals) = postSolution
		SolutionGuid = {9755F674-FF97-43A9-A536-F1B2F5EDEE2D}
	EndGlobalSection
EndGlobal
